uuid: 978a6662-1c53-4766-ab7e-a5b0296e4ea2
langcode: en
status: true
dependencies:
  config:
    - field.storage.node.field_movie_tags
    - field.storage.node.field_review_genre
    - node.type.movie
  module:
    - node
    - user
id: movie_genre_block
label: 'Movie Genre Block'
module: views
description: ''
tag: ''
base_table: node_field_data
base_field: nid
display:
  default:
    display_plugin: default
    id: default
    display_title: Default
    position: 0
    display_options:
      access:
        type: perm
        options:
          perm: 'access content'
      cache:
        type: tag
        options: {  }
      query:
        type: views_query
        options:
          disable_sql_rewrite: false
          distinct: false
          replica: false
          query_comment: ''
          query_tags: {  }
      exposed_form:
        type: basic
        options:
          submit_button: Apply
          reset_button: false
          reset_button_label: Reset
          exposed_sorts_label: 'Sort by'
          expose_sort_order: true
          sort_asc_label: Asc
          sort_desc_label: Desc
      pager:
        type: some
        options:
          items_per_page: 1
          offset: 0
      style:
        type: default
      row:
        type: fields
      fields:
        field_review_genre:
          id: field_review_genre
          table: node__field_review_genre
          field: field_review_genre
          relationship: none
          group_type: group
          admin_label: ''
          label: ''
          exclude: false
          alter:
            alter_text: false
            text: ''
            make_link: false
            path: ''
            absolute: false
            external: false
            replace_spaces: false
            path_case: none
            trim_whitespace: false
            alt: ''
            rel: ''
            link_class: ''
            prefix: ''
            suffix: ''
            target: ''
            nl2br: false
            max_length: 0
            word_boundary: true
            ellipsis: true
            more_link: false
            more_link_text: ''
            more_link_path: ''
            strip_tags: false
            trim: false
            preserve_tags: ''
            html: false
          element_type: ''
          element_class: ''
          element_label_type: ''
          element_label_class: ''
          element_label_colon: false
          element_wrapper_type: ''
          element_wrapper_class: ''
          element_default_classes: true
          empty: ''
          hide_empty: false
          empty_zero: false
          hide_alter_empty: true
          click_sort_column: target_id
          type: entity_reference_label
          settings:
            link: true
          group_column: target_id
          group_columns: {  }
          group_rows: true
          delta_limit: 0
          delta_offset: 0
          delta_reversed: false
          delta_first_last: false
          multi_type: separator
          separator: ', '
          field_api_classes: false
          plugin_id: field
      filters:
        status:
          value: '1'
          table: node_field_data
          field: status
          plugin_id: boolean
          entity_type: node
          entity_field: status
          id: status
          expose:
            operator: ''
            operator_limit_selection: false
            operator_list: {  }
          group: 1
        type:
          id: type
          table: node_field_data
          field: type
          value:
            movie: movie
          entity_type: node
          entity_field: type
          plugin_id: bundle
          expose:
            operator_limit_selection: false
            operator_list: {  }
      sorts:
        created:
          id: created
          table: node_field_data
          field: created
          order: DESC
          entity_type: node
          entity_field: created
          plugin_id: date
          relationship: none
          group_type: group
          admin_label: ''
          exposed: false
          expose:
            label: ''
          granularity: second
      title: 'Movie Genre Block'
      header: {  }
      footer: {  }
      empty: {  }
      relationships: {  }
      arguments: {  }
      display_extenders: {  }
    cache_metadata:
      max-age: -1
      contexts:
        - 'languages:language_content'
        - 'languages:language_interface'
        - 'user.node_grants:view'
        - user.permissions
      tags:
        - 'config:field.storage.node.field_review_genre'
  block_1:
    display_plugin: block
    id: block_1
    display_title: Block
    position: 1
    display_options:
      display_extenders: {  }
      block_description: 'Movie Genre Block'
    cache_metadata:
      max-age: -1
      contexts:
        - 'languages:language_content'
        - 'languages:language_interface'
        - 'user.node_grants:view'
        - user.permissions
      tags:
        - 'config:field.storage.node.field_review_genre'
  block_2:
    display_plugin: block
    id: block_2
    display_title: 'Block 2'
    position: 2
    display_options:
      display_extenders: {  }
      block_description: 'Movie Tag Block'
      title: 'Movie Tag Block'
      defaults:
        title: false
        fields: false
        filters: false
        filter_groups: false
      fields:
        field_movie_tags:
          id: field_movie_tags
          table: node__field_movie_tags
          field: field_movie_tags
          relationship: none
          group_type: group
          admin_label: ''
          label: ''
          exclude: false
          alter:
            alter_text: false
            text: ''
            make_link: false
            path: ''
            absolute: false
            external: false
            replace_spaces: false
            path_case: none
            trim_whitespace: false
            alt: ''
            rel: ''
            link_class: ''
            prefix: ''
            suffix: ''
            target: ''
            nl2br: false
            max_length: 0
            word_boundary: true
            ellipsis: true
            more_link: false
            more_link_text: ''
            more_link_path: ''
            strip_tags: false
            trim: false
            preserve_tags: ''
            html: false
          element_type: ''
          element_class: ''
          element_label_type: ''
          element_label_class: ''
          element_label_colon: false
          element_wrapper_type: ''
          element_wrapper_class: ''
          element_default_classes: true
          empty: ''
          hide_empty: false
          empty_zero: false
          hide_alter_empty: true
          click_sort_column: target_id
          type: entity_reference_label
          settings:
            link: true
          group_column: target_id
          group_columns: {  }
          group_rows: true
          delta_limit: 0
          delta_offset: 0
          delta_reversed: false
          delta_first_last: false
          multi_type: separator
          separator: ', '
          field_api_classes: false
          plugin_id: field
      filters:
        status:
          value: '1'
          table: node_field_data
          field: status
          plugin_id: boolean
          entity_type: node
          entity_field: status
          id: status
          expose:
            operator: ''
            operator_limit_selection: false
            operator_list: {  }
          group: 1
        type:
          id: type
          table: node_field_data
          field: type
          value:
            movie: movie
          entity_type: node
          entity_field: type
          plugin_id: bundle
          expose:
            operator_limit_selection: false
            operator_list: {  }
      filter_groups:
        operator: AND
        groups:
          1: AND
    cache_metadata:
      max-age: -1
      contexts:
        - 'languages:language_content'
        - 'languages:language_interface'
        - 'user.node_grants:view'
        - user.permissions
      tags:
        - 'config:field.storage.node.field_movie_tags'
